// !$*UTF8*$!
{
	archiveVersion = 1;
	classes = {
	};
	objectVersion = 46;
	objects = {

/* Begin PBXBuildFile section */
		18226EEE1EA5EB6300036339 /* read_fat12.c in Sources */ = {isa = PBXBuildFile; fileRef = 18226EED1EA5EB6300036339 /* read_fat12.c */; };
		182F6B5D1EAF4482009525C0 /* read_fat_2.c in Sources */ = {isa = PBXBuildFile; fileRef = 182F6B5C1EAF4482009525C0 /* read_fat_2.c */; };
		18DF97951EB6D04500AD15BB /* Math.c in Sources */ = {isa = PBXBuildFile; fileRef = 18DF97941EB6D04500AD15BB /* Math.c */; };
/* End PBXBuildFile section */

/* Begin PBXCopyFilesBuildPhase section */
		18784E031EA4B20800333B15 /* CopyFiles */ = {
			isa = PBXCopyFilesBuildPhase;
			buildActionMask = 2147483647;
			dstPath = /usr/share/man/man1/;
			dstSubfolderSpec = 0;
			files = (
			);
			runOnlyForDeploymentPostprocessing = 1;
		};
/* End PBXCopyFilesBuildPhase section */

/* Begin PBXFileReference section */
		18226EED1EA5EB6300036339 /* read_fat12.c */ = {isa = PBXFileReference; fileEncoding = 4; lastKnownFileType = sourcecode.c.c; path = read_fat12.c; sourceTree = "<group>"; };
		182F6B5C1EAF4482009525C0 /* read_fat_2.c */ = {isa = PBXFileReference; fileEncoding = 4; lastKnownFileType = sourcecode.c.c; path = read_fat_2.c; sourceTree = "<group>"; };
		18784E051EA4B20800333B15 /* Assignment02 */ = {isa = PBXFileReference; explicitFileType = "compiled.mach-o.executable"; includeInIndex = 0; path = Assignment02; sourceTree = BUILT_PRODUCTS_DIR; };
		18DF97941EB6D04500AD15BB /* Math.c */ = {isa = PBXFileReference; fileEncoding = 4; lastKnownFileType = sourcecode.c.c; path = Math.c; sourceTree = "<group>"; };
/* End PBXFileReference section */

/* Begin PBXFrameworksBuildPhase section */
		18784E021EA4B20800333B15 /* Frameworks */ = {
			isa = PBXFrameworksBuildPhase;
			buildActionMask = 2147483647;
			files = (
			);
			runOnlyForDeploymentPostprocessing = 0;
		};
/* End PBXFrameworksBuildPhase section */

/* Begin PBXGroup section */
		18784DFC1EA4B20800333B15 = {
			isa = PBXGroup;
			children = (
				18784E071EA4B20800333B15 /* Assignment02 */,
				18784E061EA4B20800333B15 /* Products */,
			);
			sourceTree = "<group>";
		};
		18784E061EA4B20800333B15 /* Products */ = {
			isa = PBXGroup;
			children = (
				18784E051EA4B20800333B15 /* Assignment02 */,
			);
			name = Products;
			sourceTree = "<group>";
		};
		18784E071EA4B20800333B15 /* Assignment02 */ = {
			isa = PBXGroup;
			children = (
				18226EED1EA5EB6300036339 /* read_fat12.c */,
				182F6B5C1EAF4482009525C0 /* read_fat_2.c */,
				18DF97941EB6D04500AD15BB /* Math.c */,
			);
			path = Assignment02;
			sourceTree = "<group>";
		};
/* End PBXGroup section */

/* Begin PBXNativeTarget section */
		18784E041EA4B20800333B15 /* Assignment02 */ = {
			isa = PBXNativeTarget;
			buildConfigurationList = 18784E0C1EA4B20800333B15 /* Build configuration list for PBXNativeTarget "Assignment02" */;
			buildPhases = (
				18784E011EA4B20800333B15 /* Sources */,
				18784E021EA4B20800333B15 /* Frameworks */,
				18784E031EA4B20800333B15 /* CopyFiles */,
			);
			buildRules = (
			);
			dependencies = (
			);
			name = Assignment02;
			productName = Assignment02;
			productReference = 18784E051EA4B20800333B15 /* Assignment02 */;
			productType = "com.apple.product-type.tool";
		};
/* End PBXNativeTarget section */

/* Begin PBXProject section */
		18784DFD1EA4B20800333B15 /* Project object */ = {
			isa = PBXProject;
			attributes = {
				LastUpgradeCheck = 0830;
				ORGANIZATIONNAME = Apple;
				TargetAttributes = {
					18784E041EA4B20800333B15 = {
						CreatedOnToolsVersion = 8.3;
						DevelopmentTeam = P27LWC7UL3;
						ProvisioningStyle = Automatic;
					};
				};
			};
			buildConfigurationList = 18784E001EA4B20800333B15 /* Build configuration list for PBXProject "Assignment02" */;
			compatibilityVersion = "Xcode 3.2";
			developmentRegion = English;
			hasScannedForEncodings = 0;
			knownRegions = (
				en,
			);
			mainGroup = 18784DFC1EA4B20800333B15;
			productRefGroup = 18784E061EA4B20800333B15 /* Products */;
			projectDirPath = "";
			projectRoot = "";
			targets = (
				18784E041EA4B20800333B15 /* Assignment02 */,
			);
		};
/* End PBXProject section */

/* Begin PBXSourcesBuildPhase section */
		18784E011EA4B20800333B15 /* Sources */ = {
			isa = PBXSourcesBuildPhase;
			buildActionMask = 2147483647;
			files = (
				182F6B5D1EAF4482009525C0 /* read_fat_2.c in Sources */,
				18226EEE1EA5EB6300036339 /* read_fat12.c in Sources */,
				18DF97951EB6D04500AD15BB /* Math.c in Sources */,
			);
			runOnlyForDeploymentPostprocessing = 0;
		};
/* End PBXSourcesBuildPhase section */

/* Begin XCBuildConfiguration section */
		18784E0A1EA4B20800333B15 /* Debug */ = {
			isa = XCBuildConfiguration;
			buildSettings = {
				ALWAYS_SEARCH_USER_PATHS = NO;
				CLANG_ANALYZER_NONNULL = YES;
				CLANG_ANALYZER_NUMBER_OBJECT_CONVERSION = YES_AGGRESSIVE;
				CLANG_CXX_LANGUAGE_STANDARD = "gnu++0x";
				CLANG_CXX_LIBRARY = "libc++";
				CLANG_ENABLE_MODULES = YES;
				CLANG_ENABLE_OBJC_ARC = YES;
				CLANG_WARN_BOOL_CONVERSION = YES;
				CLANG_WARN_CONSTANT_CONVERSION = YES;
				CLANG_WARN_DIRECT_OBJC_ISA_USAGE = YES_ERROR;
				CLANG_WARN_DOCUMENTATION_COMMENTS = YES;
				CLANG_WARN_EMPTY_BODY = YES;
				CLANG_WARN_ENUM_CONVERSION = YES;
				CLANG_WARN_INFINITE_RECURSION = YES;
				CLANG_WARN_INT_CONVERSION = YES;
				CLANG_WARN_OBJC_ROOT_CLASS = YES_ERROR;
				CLANG_WARN_SUSPICIOUS_MOVE = YES;
				CLANG_WARN_UNREACHABLE_CODE = YES;
				CLANG_WARN__DUPLICATE_METHOD_MATCH = YES;
				CODE_SIGN_IDENTITY = "-";
				COPY_PHASE_STRIP = NO;
				DEBUG_INFORMATION_FORMAT = dwarf;
				ENABLE_STRICT_OBJC_MSGSEND = YES;
				ENABLE_TESTABILITY = YES;
				GCC_C_LANGUAGE_STANDARD = gnu99;
				GCC_DYNAMIC_NO_PIC = NO;
				GCC_NO_COMMON_BLOCKS = YES;
				GCC_OPTIMIZATION_LEVEL = 0;
				GCC_PREPROCESSOR_DEFINITIONS = (
					"DEBUG=1",
					"$(inherited)",
				);
				GCC_WARN_64_TO_32_BIT_CONVERSION = YES;
				GCC_WARN_ABOUT_RETURN_TYPE = YES_ERROR;
				GCC_WARN_UNDECLARED_SELECTOR = YES;
				GCC_WARN_UNINITIALIZED_AUTOS = YES_AGGRESSIVE;
				GCC_WARN_UNUSED_FUNCTION = YES;
				GCC_WARN_UNUSED_VARIABLE = YES;
				MACOSX_DEPLOYMENT_TARGET = 10.12;
				MTL_ENABLE_DEBUG_INFO = YES;
				ONLY_ACTIVE_ARCH = YES;
				SDKROOT = macosx;
			};
			name = Debug;
		};
		18784E0B1EA4B20800333B15 /* Release */ = {
			isa = XCBuildConfiguration;
			buildSettings = {
				ALWAYS_SEARCH_USER_PATHS = NO;
				CLANG_ANALYZER_NONNULL = YES;
				CLANG_ANALYZER_NUMBER_OBJECT_CONVERSION = YES_AGGRESSIVE;
				CLANG_CXX_LANGUAGE_STANDARD = "gnu++0x";
				CLANG_CXX_LIBRARY = "libc++";
				CLANG_ENABLE_MODULES = YES;
				CLANG_ENABLE_OBJC_ARC = YES;
				CLANG_WARN_BOOL_CONVERSION = YES;
				CLANG_WARN_CONSTANT_CONVERSION = YES;
				CLANG_WARN_DIRECT_OBJC_ISA_USAGE = YES_ERROR;
				CLANG_WARN_DOCUMENTATION_COMMENTS = YES;
				CLANG_WARN_EMPTY_BODY = YES;
				CLANG_WARN_ENUM_CONVERSION = YES;
				CLANG_WARN_INFINITE_RECURSION = YES;
				CLANG_WARN_INT_CONVERSION = YES;
				CLANG_WARN_OBJC_ROOT_CLASS = YES_ERROR;
				CLANG_WARN_SUSPICIOUS_MOVE = YES;
				CLANG_WARN_UNREACHABLE_CODE = YES;
				CLANG_WARN__DUPLICATE_METHOD_MATCH = YES;
				CODE_SIGN_IDENTITY = "-";
				COPY_PHASE_STRIP = NO;
				DEBUG_INFORMATION_FORMAT = "dwarf-with-dsym";
				ENABLE_NS_ASSERTIONS = NO;
				ENABLE_STRICT_OBJC_MSGSEND = YES;
				GCC_C_LANGUAGE_STANDARD = gnu99;
				GCC_NO_COMMON_BLOCKS = YES;
				GCC_WARN_64_TO_32_BIT_CONVERSION = YES;
				GCC_WARN_ABOUT_RETURN_TYPE = YES_ERROR;
				GCC_WARN_UNDECLARED_SELECTOR = YES;
				GCC_WARN_UNINITIALIZED_AUTOS = YES_AGGRESSIVE;
				GCC_WARN_UNUSED_FUNCTION = YES;
				GCC_WARN_UNUSED_VARIABLE = YES;
				MACOSX_DEPLOYMENT_TARGET = 10.12;
				MTL_ENABLE_DEBUG_INFO = NO;
				SDKROOT = macosx;
			};
			name = Release;
		};
		18784E0D1EA4B20800333B15 /* Debug */ = {
			isa = XCBuildConfiguration;
			buildSettings = {
				DEVELOPMENT_TEAM = P27LWC7UL3;
				PRODUCT_NAME = "$(TARGET_NAME)";
			};
			name = Debug;
		};
		18784E0E1EA4B20800333B15 /* Release */ = {
			isa = XCBuildConfiguration;
			buildSettings = {
				DEVELOPMENT_TEAM = P27LWC7UL3;
				PRODUCT_NAME = "$(TARGET_NAME)";
			};
			name = Release;
		};
/* End XCBuildConfiguration section */

/* Begin XCConfigurationList section */
		18784E001EA4B20800333B15 /* Build configuration list for PBXProject "Assignment02" */ = {
			isa = XCConfigurationList;
			buildConfigurations = (
				18784E0A1EA4B20800333B15 /* Debug */,
				18784E0B1EA4B20800333B15 /* Release */,
			);
			defaultConfigurationIsVisible = 0;
			defaultConfigurationName = Release;
		};
		18784E0C1EA4B20800333B15 /* Build configuration list for PBXNativeTarget "Assignment02" */ = {
			isa = XCConfigurationList;
			buildConfigurations = (
				18784E0D1EA4B20800333B15 /* Debug */,
				18784E0E1EA4B20800333B15 /* Release */,
			);
			defaultConfigurationIsVisible = 0;
			defaultConfigurationName = Release;
		};
/* End XCConfigurationList section */
	};
	rootObject = 18784DFD1EA4B20800333B15 /* Project object */;
}
